// !$*UTF8*$!
{
	archiveVersion = 1;
	classes = {
	};
	objectVersion = 46;
	objects = {

/* Begin PBXBuildFile section */
		2D2DEB5D1A8A5BDE00CA68E8 /* AppDelegate.swift in Sources */ = {isa = PBXBuildFile; fileRef = 2D2DEB5C1A8A5BDE00CA68E8 /* AppDelegate.swift */; };
		2D2DEB5F1A8A5BDE00CA68E8 /* ViewController.swift in Sources */ = {isa = PBXBuildFile; fileRef = 2D2DEB5E1A8A5BDE00CA68E8 /* ViewController.swift */; };
		2D2DEB621A8A5BDE00CA68E8 /* Main.storyboard in Resources */ = {isa = PBXBuildFile; fileRef = 2D2DEB601A8A5BDE00CA68E8 /* Main.storyboard */; };
		2D2DEB641A8A5BDE00CA68E8 /* Images.xcassets in Resources */ = {isa = PBXBuildFile; fileRef = 2D2DEB631A8A5BDE00CA68E8 /* Images.xcassets */; };
		2D2DEB671A8A5BDE00CA68E8 /* LaunchScreen.xib in Resources */ = {isa = PBXBuildFile; fileRef = 2D2DEB651A8A5BDE00CA68E8 /* LaunchScreen.xib */; };
		2D2DEB731A8A5BDE00CA68E8 /* RatingsTests.swift in Sources */ = {isa = PBXBuildFile; fileRef = 2D2DEB721A8A5BDE00CA68E8 /* RatingsTests.swift */; };
		2D2DEB951A8D12AF00CA68E8 /* 1Star.png in Resources */ = {isa = PBXBuildFile; fileRef = 2D2DEB7D1A8D12AF00CA68E8 /* 1Star.png */; };
		2D2DEB961A8D12AF00CA68E8 /* 1Star@2x.png in Resources */ = {isa = PBXBuildFile; fileRef = 2D2DEB7E1A8D12AF00CA68E8 /* 1Star@2x.png */; };
		2D2DEB971A8D12AF00CA68E8 /* 1StarSmall.png in Resources */ = {isa = PBXBuildFile; fileRef = 2D2DEB7F1A8D12AF00CA68E8 /* 1StarSmall.png */; };
		2D2DEB981A8D12AF00CA68E8 /* 1StarSmall@2x.png in Resources */ = {isa = PBXBuildFile; fileRef = 2D2DEB801A8D12AF00CA68E8 /* 1StarSmall@2x.png */; };
		2D2DEB991A8D12AF00CA68E8 /* 2Stars.png in Resources */ = {isa = PBXBuildFile; fileRef = 2D2DEB811A8D12AF00CA68E8 /* 2Stars.png */; };
		2D2DEB9A1A8D12AF00CA68E8 /* 2Stars@2x.png in Resources */ = {isa = PBXBuildFile; fileRef = 2D2DEB821A8D12AF00CA68E8 /* 2Stars@2x.png */; };
		2D2DEB9B1A8D12AF00CA68E8 /* 2StarsSmall.png in Resources */ = {isa = PBXBuildFile; fileRef = 2D2DEB831A8D12AF00CA68E8 /* 2StarsSmall.png */; };
		2D2DEB9C1A8D12AF00CA68E8 /* 2StarsSmall@2x.png in Resources */ = {isa = PBXBuildFile; fileRef = 2D2DEB841A8D12AF00CA68E8 /* 2StarsSmall@2x.png */; };
		2D2DEB9D1A8D12AF00CA68E8 /* 3Stars.png in Resources */ = {isa = PBXBuildFile; fileRef = 2D2DEB851A8D12AF00CA68E8 /* 3Stars.png */; };
		2D2DEB9E1A8D12AF00CA68E8 /* 3Stars@2x.png in Resources */ = {isa = PBXBuildFile; fileRef = 2D2DEB861A8D12AF00CA68E8 /* 3Stars@2x.png */; };
		2D2DEB9F1A8D12AF00CA68E8 /* 3StarsSmall.png in Resources */ = {isa = PBXBuildFile; fileRef = 2D2DEB871A8D12AF00CA68E8 /* 3StarsSmall.png */; };
		2D2DEBA01A8D12AF00CA68E8 /* 3StarsSmall@2x.png in Resources */ = {isa = PBXBuildFile; fileRef = 2D2DEB881A8D12AF00CA68E8 /* 3StarsSmall@2x.png */; };
		2D2DEBA11A8D12AF00CA68E8 /* 4Stars.png in Resources */ = {isa = PBXBuildFile; fileRef = 2D2DEB891A8D12AF00CA68E8 /* 4Stars.png */; };
		2D2DEBA21A8D12AF00CA68E8 /* 4Stars@2x.png in Resources */ = {isa = PBXBuildFile; fileRef = 2D2DEB8A1A8D12AF00CA68E8 /* 4Stars@2x.png */; };
		2D2DEBA31A8D12AF00CA68E8 /* 4StarsSmall.png in Resources */ = {isa = PBXBuildFile; fileRef = 2D2DEB8B1A8D12AF00CA68E8 /* 4StarsSmall.png */; };
		2D2DEBA41A8D12AF00CA68E8 /* 4StarsSmall@2x.png in Resources */ = {isa = PBXBuildFile; fileRef = 2D2DEB8C1A8D12AF00CA68E8 /* 4StarsSmall@2x.png */; };
		2D2DEBA51A8D12AF00CA68E8 /* 5Stars.png in Resources */ = {isa = PBXBuildFile; fileRef = 2D2DEB8D1A8D12AF00CA68E8 /* 5Stars.png */; };
		2D2DEBA61A8D12AF00CA68E8 /* 5Stars@2x.png in Resources */ = {isa = PBXBuildFile; fileRef = 2D2DEB8E1A8D12AF00CA68E8 /* 5Stars@2x.png */; };
		2D2DEBA71A8D12AF00CA68E8 /* 5StarsSmall.png in Resources */ = {isa = PBXBuildFile; fileRef = 2D2DEB8F1A8D12AF00CA68E8 /* 5StarsSmall.png */; };
		2D2DEBA81A8D12AF00CA68E8 /* 5StarsSmall@2x.png in Resources */ = {isa = PBXBuildFile; fileRef = 2D2DEB901A8D12AF00CA68E8 /* 5StarsSmall@2x.png */; };
		2D2DEBA91A8D12AF00CA68E8 /* Gestures.png in Resources */ = {isa = PBXBuildFile; fileRef = 2D2DEB911A8D12AF00CA68E8 /* Gestures.png */; };
		2D2DEBAA1A8D12AF00CA68E8 /* Gestures@2x.png in Resources */ = {isa = PBXBuildFile; fileRef = 2D2DEB921A8D12AF00CA68E8 /* Gestures@2x.png */; };
		2D2DEBAB1A8D12AF00CA68E8 /* Players.png in Resources */ = {isa = PBXBuildFile; fileRef = 2D2DEB931A8D12AF00CA68E8 /* Players.png */; };
		2D2DEBAC1A8D12AF00CA68E8 /* Players@2x.png in Resources */ = {isa = PBXBuildFile; fileRef = 2D2DEB941A8D12AF00CA68E8 /* Players@2x.png */; };
		2D2DEBB01A8D20A000CA68E8 /* PlayersViewController.swift in Sources */ = {isa = PBXBuildFile; fileRef = 2D2DEBAF1A8D20A000CA68E8 /* PlayersViewController.swift */; };
/* End PBXBuildFile section */

/* Begin PBXContainerItemProxy section */
		2D2DEB6D1A8A5BDE00CA68E8 /* PBXContainerItemProxy */ = {
			isa = PBXContainerItemProxy;
			containerPortal = 2D2DEB4F1A8A5BDE00CA68E8 /* Project object */;
			proxyType = 1;
			remoteGlobalIDString = 2D2DEB561A8A5BDE00CA68E8;
			remoteInfo = Ratings;
		};
/* End PBXContainerItemProxy section */

/* Begin PBXFileReference section */
		2D2DEB571A8A5BDE00CA68E8 /* Ratings.app */ = {isa = PBXFileReference; explicitFileType = wrapper.application; includeInIndex = 0; path = Ratings.app; sourceTree = BUILT_PRODUCTS_DIR; };
		2D2DEB5B1A8A5BDE00CA68E8 /* Info.plist */ = {isa = PBXFileReference; lastKnownFileType = text.plist.xml; path = Info.plist; sourceTree = "<group>"; };
		2D2DEB5C1A8A5BDE00CA68E8 /* AppDelegate.swift */ = {isa = PBXFileReference; lastKnownFileType = sourcecode.swift; path = AppDelegate.swift; sourceTree = "<group>"; };
		2D2DEB5E1A8A5BDE00CA68E8 /* ViewController.swift */ = {isa = PBXFileReference; lastKnownFileType = sourcecode.swift; path = ViewController.swift; sourceTree = "<group>"; };
		2D2DEB611A8A5BDE00CA68E8 /* Base */ = {isa = PBXFileReference; lastKnownFileType = file.storyboard; name = Base; path = Base.lproj/Main.storyboard; sourceTree = "<group>"; };
		2D2DEB631A8A5BDE00CA68E8 /* Images.xcassets */ = {isa = PBXFileReference; lastKnownFileType = folder.assetcatalog; path = Images.xcassets; sourceTree = "<group>"; };
		2D2DEB661A8A5BDE00CA68E8 /* Base */ = {isa = PBXFileReference; lastKnownFileType = file.xib; name = Base; path = Base.lproj/LaunchScreen.xib; sourceTree = "<group>"; };
		2D2DEB6C1A8A5BDE00CA68E8 /* RatingsTests.xctest */ = {isa = PBXFileReference; explicitFileType = wrapper.cfbundle; includeInIndex = 0; path = RatingsTests.xctest; sourceTree = BUILT_PRODUCTS_DIR; };
		2D2DEB711A8A5BDE00CA68E8 /* Info.plist */ = {isa = PBXFileReference; lastKnownFileType = text.plist.xml; path = Info.plist; sourceTree = "<group>"; };
		2D2DEB721A8A5BDE00CA68E8 /* RatingsTests.swift */ = {isa = PBXFileReference; lastKnownFileType = sourcecode.swift; path = RatingsTests.swift; sourceTree = "<group>"; };
		2D2DEB7D1A8D12AF00CA68E8 /* 1Star.png */ = {isa = PBXFileReference; lastKnownFileType = image.png; path = 1Star.png; sourceTree = "<group>"; };
		2D2DEB7E1A8D12AF00CA68E8 /* 1Star@2x.png */ = {isa = PBXFileReference; lastKnownFileType = image.png; path = "1Star@2x.png"; sourceTree = "<group>"; };
		2D2DEB7F1A8D12AF00CA68E8 /* 1StarSmall.png */ = {isa = PBXFileReference; lastKnownFileType = image.png; path = 1StarSmall.png; sourceTree = "<group>"; };
		2D2DEB801A8D12AF00CA68E8 /* 1StarSmall@2x.png */ = {isa = PBXFileReference; lastKnownFileType = image.png; path = "1StarSmall@2x.png"; sourceTree = "<group>"; };
		2D2DEB811A8D12AF00CA68E8 /* 2Stars.png */ = {isa = PBXFileReference; lastKnownFileType = image.png; path = 2Stars.png; sourceTree = "<group>"; };
		2D2DEB821A8D12AF00CA68E8 /* 2Stars@2x.png */ = {isa = PBXFileReference; lastKnownFileType = image.png; path = "2Stars@2x.png"; sourceTree = "<group>"; };
		2D2DEB831A8D12AF00CA68E8 /* 2StarsSmall.png */ = {isa = PBXFileReference; lastKnownFileType = image.png; path = 2StarsSmall.png; sourceTree = "<group>"; };
		2D2DEB841A8D12AF00CA68E8 /* 2StarsSmall@2x.png */ = {isa = PBXFileReference; lastKnownFileType = image.png; path = "2StarsSmall@2x.png"; sourceTree = "<group>"; };
		2D2DEB851A8D12AF00CA68E8 /* 3Stars.png */ = {isa = PBXFileReference; lastKnownFileType = image.png; path = 3Stars.png; sourceTree = "<group>"; };
		2D2DEB861A8D12AF00CA68E8 /* 3Stars@2x.png */ = {isa = PBXFileReference; lastKnownFileType = image.png; path = "3Stars@2x.png"; sourceTree = "<group>"; };
		2D2DEB871A8D12AF00CA68E8 /* 3StarsSmall.png */ = {isa = PBXFileReference; lastKnownFileType = image.png; path = 3StarsSmall.png; sourceTree = "<group>"; };
		2D2DEB881A8D12AF00CA68E8 /* 3StarsSmall@2x.png */ = {isa = PBXFileReference; lastKnownFileType = image.png; path = "3StarsSmall@2x.png"; sourceTree = "<group>"; };
		2D2DEB891A8D12AF00CA68E8 /* 4Stars.png */ = {isa = PBXFileReference; lastKnownFileType = image.png; path = 4Stars.png; sourceTree = "<group>"; };
		2D2DEB8A1A8D12AF00CA68E8 /* 4Stars@2x.png */ = {isa = PBXFileReference; lastKnownFileType = image.png; path = "4Stars@2x.png"; sourceTree = "<group>"; };
		2D2DEB8B1A8D12AF00CA68E8 /* 4StarsSmall.png */ = {isa = PBXFileReference; lastKnownFileType = image.png; path = 4StarsSmall.png; sourceTree = "<group>"; };
		2D2DEB8C1A8D12AF00CA68E8 /* 4StarsSmall@2x.png */ = {isa = PBXFileReference; lastKnownFileType = image.png; path = "4StarsSmall@2x.png"; sourceTree = "<group>"; };
		2D2DEB8D1A8D12AF00CA68E8 /* 5Stars.png */ = {isa = PBXFileReference; lastKnownFileType = image.png; path = 5Stars.png; sourceTree = "<group>"; };
		2D2DEB8E1A8D12AF00CA68E8 /* 5Stars@2x.png */ = {isa = PBXFileReference; lastKnownFileType = image.png; path = "5Stars@2x.png"; sourceTree = "<group>"; };
		2D2DEB8F1A8D12AF00CA68E8 /* 5StarsSmall.png */ = {isa = PBXFileReference; lastKnownFileType = image.png; path = 5StarsSmall.png; sourceTree = "<group>"; };
		2D2DEB901A8D12AF00CA68E8 /* 5StarsSmall@2x.png */ = {isa = PBXFileReference; lastKnownFileType = image.png; path = "5StarsSmall@2x.png"; sourceTree = "<group>"; };
		2D2DEB911A8D12AF00CA68E8 /* Gestures.png */ = {isa = PBXFileReference; lastKnownFileType = image.png; path = Gestures.png; sourceTree = "<group>"; };
		2D2DEB921A8D12AF00CA68E8 /* Gestures@2x.png */ = {isa = PBXFileReference; lastKnownFileType = image.png; path = "Gestures@2x.png"; sourceTree = "<group>"; };
		2D2DEB931A8D12AF00CA68E8 /* Players.png */ = {isa = PBXFileReference; lastKnownFileType = image.png; path = Players.png; sourceTree = "<group>"; };
		2D2DEB941A8D12AF00CA68E8 /* Players@2x.png */ = {isa = PBXFileReference; lastKnownFileType = image.png; path = "Players@2x.png"; sourceTree = "<group>"; };
		2D2DEBAF1A8D20A000CA68E8 /* PlayersViewController.swift */ = {isa = PBXFileReference; fileEncoding = 4; lastKnownFileType = sourcecode.swift; name = PlayersViewController.swift; path = ../PlayersViewController.swift; sourceTree = "<group>"; };
/* End PBXFileReference section */

/* Begin PBXFrameworksBuildPhase section */
		2D2DEB541A8A5BDE00CA68E8 /* Frameworks */ = {
			isa = PBXFrameworksBuildPhase;
			buildActionMask = 2147483647;
			files = (
			);
			runOnlyForDeploymentPostprocessing = 0;
		};
		2D2DEB691A8A5BDE00CA68E8 /* Frameworks */ = {
			isa = PBXFrameworksBuildPhase;
			buildActionMask = 2147483647;
			files = (
			);
			runOnlyForDeploymentPostprocessing = 0;
		};
/* End PBXFrameworksBuildPhase section */

/* Begin PBXGroup section */
		2D2DEB4E1A8A5BDE00CA68E8 = {
			isa = PBXGroup;
			children = (
				2D2DEB591A8A5BDE00CA68E8 /* Ratings */,
				2D2DEB6F1A8A5BDE00CA68E8 /* RatingsTests */,
				2D2DEB581A8A5BDE00CA68E8 /* Products */,
			);
			sourceTree = "<group>";
		};
		2D2DEB581A8A5BDE00CA68E8 /* Products */ = {
			isa = PBXGroup;
			children = (
				2D2DEB571A8A5BDE00CA68E8 /* Ratings.app */,
				2D2DEB6C1A8A5BDE00CA68E8 /* RatingsTests.xctest */,
			);
			name = Products;
			sourceTree = "<group>";
		};
		2D2DEB591A8A5BDE00CA68E8 /* Ratings */ = {
			isa = PBXGroup;
			children = (
				2D2DEB7C1A8D12AF00CA68E8 /* Images */,
				2D2DEB5C1A8A5BDE00CA68E8 /* AppDelegate.swift */,
				2D2DEB5E1A8A5BDE00CA68E8 /* ViewController.swift */,
				2D2DEBAF1A8D20A000CA68E8 /* PlayersViewController.swift */,
				2D2DEB601A8A5BDE00CA68E8 /* Main.storyboard */,
				2D2DEB631A8A5BDE00CA68E8 /* Images.xcassets */,
				2D2DEB651A8A5BDE00CA68E8 /* LaunchScreen.xib */,
				2D2DEB5A1A8A5BDE00CA68E8 /* Supporting Files */,
			);
			path = Ratings;
			sourceTree = "<group>";
		};
		2D2DEB5A1A8A5BDE00CA68E8 /* Supporting Files */ = {
			isa = PBXGroup;
			children = (
				2D2DEB5B1A8A5BDE00CA68E8 /* Info.plist */,
			);
			name = "Supporting Files";
			sourceTree = "<group>";
		};
		2D2DEB6F1A8A5BDE00CA68E8 /* RatingsTests */ = {
			isa = PBXGroup;
			children = (
				2D2DEB721A8A5BDE00CA68E8 /* RatingsTests.swift */,
				2D2DEB701A8A5BDE00CA68E8 /* Supporting Files */,
			);
			path = RatingsTests;
			sourceTree = "<group>";
		};
		2D2DEB701A8A5BDE00CA68E8 /* Supporting Files */ = {
			isa = PBXGroup;
			children = (
				2D2DEB711A8A5BDE00CA68E8 /* Info.plist */,
			);
			name = "Supporting Files";
			sourceTree = "<group>";
		};
		2D2DEB7C1A8D12AF00CA68E8 /* Images */ = {
			isa = PBXGroup;
			children = (
				2D2DEB7D1A8D12AF00CA68E8 /* 1Star.png */,
				2D2DEB7E1A8D12AF00CA68E8 /* 1Star@2x.png */,
				2D2DEB7F1A8D12AF00CA68E8 /* 1StarSmall.png */,
				2D2DEB801A8D12AF00CA68E8 /* 1StarSmall@2x.png */,
				2D2DEB811A8D12AF00CA68E8 /* 2Stars.png */,
				2D2DEB821A8D12AF00CA68E8 /* 2Stars@2x.png */,
				2D2DEB831A8D12AF00CA68E8 /* 2StarsSmall.png */,
				2D2DEB841A8D12AF00CA68E8 /* 2StarsSmall@2x.png */,
				2D2DEB851A8D12AF00CA68E8 /* 3Stars.png */,
				2D2DEB861A8D12AF00CA68E8 /* 3Stars@2x.png */,
				2D2DEB871A8D12AF00CA68E8 /* 3StarsSmall.png */,
				2D2DEB881A8D12AF00CA68E8 /* 3StarsSmall@2x.png */,
				2D2DEB891A8D12AF00CA68E8 /* 4Stars.png */,
				2D2DEB8A1A8D12AF00CA68E8 /* 4Stars@2x.png */,
				2D2DEB8B1A8D12AF00CA68E8 /* 4StarsSmall.png */,
				2D2DEB8C1A8D12AF00CA68E8 /* 4StarsSmall@2x.png */,
				2D2DEB8D1A8D12AF00CA68E8 /* 5Stars.png */,
				2D2DEB8E1A8D12AF00CA68E8 /* 5Stars@2x.png */,
				2D2DEB8F1A8D12AF00CA68E8 /* 5StarsSmall.png */,
				2D2DEB901A8D12AF00CA68E8 /* 5StarsSmall@2x.png */,
				2D2DEB911A8D12AF00CA68E8 /* Gestures.png */,
				2D2DEB921A8D12AF00CA68E8 /* Gestures@2x.png */,
				2D2DEB931A8D12AF00CA68E8 /* Players.png */,
				2D2DEB941A8D12AF00CA68E8 /* Players@2x.png */,
			);
			path = Images;
			sourceTree = "<group>";
		};
/* End PBXGroup section */

/* Begin PBXNativeTarget section */
		2D2DEB561A8A5BDE00CA68E8 /* Ratings */ = {
			isa = PBXNativeTarget;
			buildConfigurationList = 2D2DEB761A8A5BDE00CA68E8 /* Build configuration list for PBXNativeTarget "Ratings" */;
			buildPhases = (
				2D2DEB531A8A5BDE00CA68E8 /* Sources */,
				2D2DEB541A8A5BDE00CA68E8 /* Frameworks */,
				2D2DEB551A8A5BDE00CA68E8 /* Resources */,
			);
			buildRules = (
			);
			dependencies = (
			);
			name = Ratings;
			productName = Ratings;
			productReference = 2D2DEB571A8A5BDE00CA68E8 /* Ratings.app */;
			productType = "com.apple.product-type.application";
		};
		2D2DEB6B1A8A5BDE00CA68E8 /* RatingsTests */ = {
			isa = PBXNativeTarget;
			buildConfigurationList = 2D2DEB791A8A5BDE00CA68E8 /* Build configuration list for PBXNativeTarget "RatingsTests" */;
			buildPhases = (
				2D2DEB681A8A5BDE00CA68E8 /* Sources */,
				2D2DEB691A8A5BDE00CA68E8 /* Frameworks */,
				2D2DEB6A1A8A5BDE00CA68E8 /* Resources */,
			);
			buildRules = (
			);
			dependencies = (
				2D2DEB6E1A8A5BDE00CA68E8 /* PBXTargetDependency */,
			);
			name = RatingsTests;
			productName = RatingsTests;
			productReference = 2D2DEB6C1A8A5BDE00CA68E8 /* RatingsTests.xctest */;
			productType = "com.apple.product-type.bundle.unit-test";
		};
/* End PBXNativeTarget section */

/* Begin PBXProject section */
		2D2DEB4F1A8A5BDE00CA68E8 /* Project object */ = {
			isa = PBXProject;
			attributes = {
				LastUpgradeCheck = 0610;
				ORGANIZATIONNAME = wiserkuo;
				TargetAttributes = {
					2D2DEB561A8A5BDE00CA68E8 = {
						CreatedOnToolsVersion = 6.1.1;
					};
					2D2DEB6B1A8A5BDE00CA68E8 = {
						CreatedOnToolsVersion = 6.1.1;
						TestTargetID = 2D2DEB561A8A5BDE00CA68E8;
					};
				};
			};
			buildConfigurationList = 2D2DEB521A8A5BDE00CA68E8 /* Build configuration list for PBXProject "Ratings" */;
			compatibilityVersion = "Xcode 3.2";
			developmentRegion = English;
			hasScannedForEncodings = 0;
			knownRegions = (
				en,
				Base,
			);
			mainGroup = 2D2DEB4E1A8A5BDE00CA68E8;
			productRefGroup = 2D2DEB581A8A5BDE00CA68E8 /* Products */;
			projectDirPath = "";
			projectRoot = "";
			targets = (
				2D2DEB561A8A5BDE00CA68E8 /* Ratings */,
				2D2DEB6B1A8A5BDE00CA68E8 /* RatingsTests */,
			);
		};
/* End PBXProject section */

/* Begin PBXResourcesBuildPhase section */
		2D2DEB551A8A5BDE00CA68E8 /* Resources */ = {
			isa = PBXResourcesBuildPhase;
			buildActionMask = 2147483647;
			files = (
				2D2DEB9B1A8D12AF00CA68E8 /* 2StarsSmall.png in Resources */,
				2D2DEBA71A8D12AF00CA68E8 /* 5StarsSmall.png in Resources */,
				2D2DEB9A1A8D12AF00CA68E8 /* 2Stars@2x.png in Resources */,
				2D2DEBA31A8D12AF00CA68E8 /* 4StarsSmall.png in Resources */,
				2D2DEB981A8D12AF00CA68E8 /* 1StarSmall@2x.png in Resources */,
				2D2DEB621A8A5BDE00CA68E8 /* Main.storyboard in Resources */,
				2D2DEBA41A8D12AF00CA68E8 /* 4StarsSmall@2x.png in Resources */,
				2D2DEB671A8A5BDE00CA68E8 /* LaunchScreen.xib in Resources */,
				2D2DEBAA1A8D12AF00CA68E8 /* Gestures@2x.png in Resources */,
				2D2DEB9D1A8D12AF00CA68E8 /* 3Stars.png in Resources */,
				2D2DEBA91A8D12AF00CA68E8 /* Gestures.png in Resources */,
				2D2DEB641A8A5BDE00CA68E8 /* Images.xcassets in Resources */,
				2D2DEBAB1A8D12AF00CA68E8 /* Players.png in Resources */,
				2D2DEB9F1A8D12AF00CA68E8 /* 3StarsSmall.png in Resources */,
				2D2DEB991A8D12AF00CA68E8 /* 2Stars.png in Resources */,
				2D2DEBA01A8D12AF00CA68E8 /* 3StarsSmall@2x.png in Resources */,
				2D2DEB971A8D12AF00CA68E8 /* 1StarSmall.png in Resources */,
				2D2DEB9E1A8D12AF00CA68E8 /* 3Stars@2x.png in Resources */,
				2D2DEBAC1A8D12AF00CA68E8 /* Players@2x.png in Resources */,
				2D2DEB951A8D12AF00CA68E8 /* 1Star.png in Resources */,
				2D2DEB9C1A8D12AF00CA68E8 /* 2StarsSmall@2x.png in Resources */,
				2D2DEBA11A8D12AF00CA68E8 /* 4Stars.png in Resources */,
				2D2DEB961A8D12AF00CA68E8 /* 1Star@2x.png in Resources */,
				2D2DEBA81A8D12AF00CA68E8 /* 5StarsSmall@2x.png in Resources */,
				2D2DEBA21A8D12AF00CA68E8 /* 4Stars@2x.png in Resources */,
				2D2DEBA61A8D12AF00CA68E8 /* 5Stars@2x.png in Resources */,
				2D2DEBA51A8D12AF00CA68E8 /* 5Stars.png in Resources */,
			);
			runOnlyForDeploymentPostprocessing = 0;
		};
		2D2DEB6A1A8A5BDE00CA68E8 /* Resources */ = {
			isa = PBXResourcesBuildPhase;
			buildActionMask = 2147483647;
			files = (
			);
			runOnlyForDeploymentPostprocessing = 0;
		};
/* End PBXResourcesBuildPhase section */

/* Begin PBXSourcesBuildPhase section */
		2D2DEB531A8A5BDE00CA68E8 /* Sources */ = {
			isa = PBXSourcesBuildPhase;
			buildActionMask = 2147483647;
			files = (
				2D2DEB5F1A8A5BDE00CA68E8 /* ViewController.swift in Sources */,
				2D2DEB5D1A8A5BDE00CA68E8 /* AppDelegate.swift in Sources */,
				2D2DEBB01A8D20A000CA68E8 /* PlayersViewController.swift in Sources */,
			);
			runOnlyForDeploymentPostprocessing = 0;
		};
		2D2DEB681A8A5BDE00CA68E8 /* Sources */ = {
			isa = PBXSourcesBuildPhase;
			buildActionMask = 2147483647;
			files = (
				2D2DEB731A8A5BDE00CA68E8 /* RatingsTests.swift in Sources */,
			);
			runOnlyForDeploymentPostprocessing = 0;
		};
/* End PBXSourcesBuildPhase section */

/* Begin PBXTargetDependency section */
		2D2DEB6E1A8A5BDE00CA68E8 /* PBXTargetDependency */ = {
			isa = PBXTargetDependency;
			target = 2D2DEB561A8A5BDE00CA68E8 /* Ratings */;
			targetProxy = 2D2DEB6D1A8A5BDE00CA68E8 /* PBXContainerItemProxy */;
		};
/* End PBXTargetDependency section */

/* Begin PBXVariantGroup section */
		2D2DEB601A8A5BDE00CA68E8 /* Main.storyboard */ = {
			isa = PBXVariantGroup;
			children = (
				2D2DEB611A8A5BDE00CA68E8 /* Base */,
			);
			name = Main.storyboard;
			sourceTree = "<group>";
		};
		2D2DEB651A8A5BDE00CA68E8 /* LaunchScreen.xib */ = {
			isa = PBXVariantGroup;
			children = (
				2D2DEB661A8A5BDE00CA68E8 /* Base */,
			);
			name = LaunchScreen.xib;
			sourceTree = "<group>";
		};
/* End PBXVariantGroup section */

/* Begin XCBuildConfiguration section */
		2D2DEB741A8A5BDE00CA68E8 /* Debug */ = {
			isa = XCBuildConfiguration;
			buildSettings = {
				ALWAYS_SEARCH_USER_PATHS = NO;
				CLANG_CXX_LANGUAGE_STANDARD = "gnu++0x";
				CLANG_CXX_LIBRARY = "libc++";
				CLANG_ENABLE_MODULES = YES;
				CLANG_ENABLE_OBJC_ARC = YES;
				CLANG_WARN_BOOL_CONVERSION = YES;
				CLANG_WARN_CONSTANT_CONVERSION = YES;
				CLANG_WARN_DIRECT_OBJC_ISA_USAGE = YES_ERROR;
				CLANG_WARN_EMPTY_BODY = YES;
				CLANG_WARN_ENUM_CONVERSION = YES;
				CLANG_WARN_INT_CONVERSION = YES;
				CLANG_WARN_OBJC_ROOT_CLASS = YES_ERROR;
				CLANG_WARN_UNREACHABLE_CODE = YES;
				CLANG_WARN__DUPLICATE_METHOD_MATCH = YES;
				"CODE_SIGN_IDENTITY[sdk=iphoneos*]" = "iPhone Developer";
				COPY_PHASE_STRIP = NO;
				ENABLE_STRICT_OBJC_MSGSEND = YES;
				GCC_C_LANGUAGE_STANDARD = gnu99;
				GCC_DYNAMIC_NO_PIC = NO;
				GCC_OPTIMIZATION_LEVEL = 0;
				GCC_PREPROCESSOR_DEFINITIONS = (
					"DEBUG=1",
					"$(inherited)",
				);
				GCC_SYMBOLS_PRIVATE_EXTERN = NO;
				GCC_WARN_64_TO_32_BIT_CONVERSION = YES;
				GCC_WARN_ABOUT_RETURN_TYPE = YES_ERROR;
				GCC_WARN_UNDECLARED_SELECTOR = YES;
				GCC_WARN_UNINITIALIZED_AUTOS = YES_AGGRESSIVE;
				GCC_WARN_UNUSED_FUNCTION = YES;
				GCC_WARN_UNUSED_VARIABLE = YES;
				IPHONEOS_DEPLOYMENT_TARGET = 8.1;
				MTL_ENABLE_DEBUG_INFO = YES;
				ONLY_ACTIVE_ARCH = YES;
				SDKROOT = iphoneos;
				SWIFT_OPTIMIZATION_LEVEL = "-Onone";
			};
			name = Debug;
		};
		2D2DEB751A8A5BDE00CA68E8 /* Release */ = {
			isa = XCBuildConfiguration;
			buildSettings = {
				ALWAYS_SEARCH_USER_PATHS = NO;
				CLANG_CXX_LANGUAGE_STANDARD = "gnu++0x";
				CLANG_CXX_LIBRARY = "libc++";
				CLANG_ENABLE_MODULES = YES;
				CLANG_ENABLE_OBJC_ARC = YES;
				CLANG_WARN_BOOL_CONVERSION = YES;
				CLANG_WARN_CONSTANT_CONVERSION = YES;
				CLANG_WARN_DIRECT_OBJC_ISA_USAGE = YES_ERROR;
				CLANG_WARN_EMPTY_BODY = YES;
				CLANG_WARN_ENUM_CONVERSION = YES;
				CLANG_WARN_INT_CONVERSION = YES;
				CLANG_WARN_OBJC_ROOT_CLASS = YES_ERROR;
				CLANG_WARN_UNREACHABLE_CODE = YES;
				CLANG_WARN__DUPLICATE_METHOD_MATCH = YES;
				"CODE_SIGN_IDENTITY[sdk=iphoneos*]" = "iPhone Developer";
				COPY_PHASE_STRIP = YES;
				ENABLE_NS_ASSERTIONS = NO;
				ENABLE_STRICT_OBJC_MSGSEND = YES;
				GCC_C_LANGUAGE_STANDARD = gnu99;
				GCC_WARN_64_TO_32_BIT_CONVERSION = YES;
				GCC_WARN_ABOUT_RETURN_TYPE = YES_ERROR;
				GCC_WARN_UNDECLARED_SELECTOR = YES;
				GCC_WARN_UNINITIALIZED_AUTOS = YES_AGGRESSIVE;
				GCC_WARN_UNUSED_FUNCTION = YES;
				GCC_WARN_UNUSED_VARIABLE = YES;
				IPHONEOS_DEPLOYMENT_TARGET = 8.1;
				MTL_ENABLE_DEBUG_INFO = NO;
				SDKROOT = iphoneos;
				VALIDATE_PRODUCT = YES;
			};
			name = Release;
		};
		2D2DEB771A8A5BDE00CA68E8 /* Debug */ = {
			isa = XCBuildConfiguration;
			buildSettings = {
				ASSETCATALOG_COMPILER_APPICON_NAME = AppIcon;
				INFOPLIST_FILE = Ratings/Info.plist;
				LD_RUNPATH_SEARCH_PATHS = "$(inherited) @executable_path/Frameworks";
				PRODUCT_NAME = "$(TARGET_NAME)";
			};
			name = Debug;
		};
		2D2DEB781A8A5BDE00CA68E8 /* Release */ = {
			isa = XCBuildConfiguration;
			buildSettings = {
				ASSETCATALOG_COMPILER_APPICON_NAME = AppIcon;
				INFOPLIST_FILE = Ratings/Info.plist;
				LD_RUNPATH_SEARCH_PATHS = "$(inherited) @executable_path/Frameworks";
				PRODUCT_NAME = "$(TARGET_NAME)";
			};
			name = Release;
		};
		2D2DEB7A1A8A5BDE00CA68E8 /* Debug */ = {
			isa = XCBuildConfiguration;
			buildSettings = {
				BUNDLE_LOADER = "$(TEST_HOST)";
				FRAMEWORK_SEARCH_PATHS = (
					"$(SDKROOT)/Developer/Library/Frameworks",
					"$(inherited)",
				);
				GCC_PREPROCESSOR_DEFINITIONS = (
					"DEBUG=1",
					"$(inherited)",
				);
				INFOPLIST_FILE = RatingsTests/Info.plist;
				LD_RUNPATH_SEARCH_PATHS = "$(inherited) @executable_path/Frameworks @loader_path/Frameworks";
				PRODUCT_NAME = "$(TARGET_NAME)";
				TEST_HOST = "$(BUILT_PRODUCTS_DIR)/Ratings.app/Ratings";
			};
			name = Debug;
		};
		2D2DEB7B1A8A5BDE00CA68E8 /* Release */ = {
			isa = XCBuildConfiguration;
			buildSettings = {
				BUNDLE_LOADER = "$(TEST_HOST)";
				FRAMEWORK_SEARCH_PATHS = (
					"$(SDKROOT)/Developer/Library/Frameworks",
					"$(inherited)",
				);
				INFOPLIST_FILE = RatingsTests/Info.plist;
				LD_RUNPATH_SEARCH_PATHS = "$(inherited) @executable_path/Frameworks @loader_path/Frameworks";
				PRODUCT_NAME = "$(TARGET_NAME)";
				TEST_HOST = "$(BUILT_PRODUCTS_DIR)/Ratings.app/Ratings";
			};
			name = Release;
		};
/* End XCBuildConfiguration section */

/* Begin XCConfigurationList section */
		2D2DEB521A8A5BDE00CA68E8 /* Build configuration list for PBXProject "Ratings" */ = {
			isa = XCConfigurationList;
			buildConfigurations = (
				2D2DEB741A8A5BDE00CA68E8 /* Debug */,
				2D2DEB751A8A5BDE00CA68E8 /* Release */,
			);
			defaultConfigurationIsVisible = 0;
			defaultConfigurationName = Release;
		};
		2D2DEB761A8A5BDE00CA68E8 /* Build configuration list for PBXNativeTarget "Ratings" */ = {
			isa = XCConfigurationList;
			buildConfigurations = (
				2D2DEB771A8A5BDE00CA68E8 /* Debug */,
				2D2DEB781A8A5BDE00CA68E8 /* Release */,
			);
			defaultConfigurationIsVisible = 0;
			defaultConfigurationName = Release;
		};
		2D2DEB791A8A5BDE00CA68E8 /* Build configuration list for PBXNativeTarget "RatingsTests" */ = {
			isa = XCConfigurationList;
			buildConfigurations = (
				2D2DEB7A1A8A5BDE00CA68E8 /* Debug */,
				2D2DEB7B1A8A5BDE00CA68E8 /* Release */,
			);
			defaultConfigurationIsVisible = 0;
			defaultConfigurationName = Release;
		};
/* End XCConfigurationList section */
	};
	rootObject = 2D2DEB4F1A8A5BDE00CA68E8 /* Project object */;
}
